
Microsoft Visual Studio Solution File, Format Version 12.00
# Visual Studio 15
VisualStudioVersion = 15.0.27004.2005
MinimumVisualStudioVersion = 10.0.40219.1
Project("{9A19103F-16F7-4668-BE54-9A1E7A4F7556}") = "iSukces.Mathematics", "iSukces.Mathematics\iSukces.Mathematics.csproj", "{1EAB0DCF-0B2B-438F-B01F-98036E9ABBA9}"
EndProject
Project("{9A19103F-16F7-4668-BE54-9A1E7A4F7556}") = "iSukces.Mathematics.Test", "iSukces.Mathematics.Test\iSukces.Mathematics.Test.csproj", "{103B491B-11F4-473B-9363-26467898CD71}"
EndProject
Project("{FAE04EC0-301F-11D3-BF4B-00C04F79EFBC}") = "FixCopyright", "FixCopyright\FixCopyright.csproj", "{AB856660-C484-42C5-B7C9-6A12F9C6D20A}"
EndProject
Global
	GlobalSection(SolutionConfigurationPlatforms) = preSolution
		Debug|Any CPU = Debug|Any CPU
		Release|Any CPU = Release|Any CPU
	EndGlobalSection
	GlobalSection(ProjectConfigurationPlatforms) = postSolution
		{1EAB0DCF-0B2B-438F-B01F-98036E9ABBA9}.Debug|Any CPU.ActiveCfg = Debug|Any CPU
		{1EAB0DCF-0B2B-438F-B01F-98036E9ABBA9}.Debug|Any CPU.Build.0 = Debug|Any CPU
		{1EAB0DCF-0B2B-438F-B01F-98036E9ABBA9}.Release|Any CPU.ActiveCfg = Release|Any CPU
		{1EAB0DCF-0B2B-438F-B01F-98036E9ABBA9}.Release|Any CPU.Build.0 = Release|Any CPU
		{103B491B-11F4-473B-9363-26467898CD71}.Debug|Any CPU.ActiveCfg = Debug|Any CPU
		{103B491B-11F4-473B-9363-26467898CD71}.Debug|Any CPU.Build.0 = Debug|Any CPU
		{103B491B-11F4-473B-9363-26467898CD71}.Release|Any CPU.ActiveCfg = Release|Any CPU
		{103B491B-11F4-473B-9363-26467898CD71}.Release|Any CPU.Build.0 = Release|Any CPU
		{AB856660-C484-42C5-B7C9-6A12F9C6D20A}.Debug|Any CPU.ActiveCfg = Debug|Any CPU
		{AB856660-C484-42C5-B7C9-6A12F9C6D20A}.Debug|Any CPU.Build.0 = Debug|Any CPU
		{AB856660-C484-42C5-B7C9-6A12F9C6D20A}.Release|Any CPU.ActiveCfg = Release|Any CPU
		{AB856660-C484-42C5-B7C9-6A12F9C6D20A}.Release|Any CPU.Build.0 = Release|Any CPU
	EndGlobalSection
	GlobalSection(SolutionProperties) = preSolution
		HideSolutionNode = FALSE
	EndGlobalSection
	GlobalSection(ExtensibilityGlobals) = postSolution
		SolutionGuid = {2F4BF146-360D-4F3B-B80B-B3E9EAF42785}
	EndGlobalSection
EndGlobal
